// !$*UTF8*$!
{
	archiveVersion = 1;
	classes = {
	};
	objectVersion = 55;
	objects = {

/* Begin PBXBuildFile section */
		3616C5638001EE6C2F713235 /* libPods-WoopEventTests.a in Frameworks */ = {isa = PBXBuildFile; fileRef = 8030E9B87AD0B0B2E1BDED5D /* libPods-WoopEventTests.a */; };
		4140ADDFCACE1A02E7C1F0AD /* libPods-WoopEvent.a in Frameworks */ = {isa = PBXBuildFile; fileRef = F15274945121DA6F2B4128E5 /* libPods-WoopEvent.a */; };
		DF3137A6270BF397007F36FA /* AppDelegate.swift in Sources */ = {isa = PBXBuildFile; fileRef = DF3137A5270BF397007F36FA /* AppDelegate.swift */; };
		DF3137A8270BF397007F36FA /* SceneDelegate.swift in Sources */ = {isa = PBXBuildFile; fileRef = DF3137A7270BF397007F36FA /* SceneDelegate.swift */; };
		DF3137AF270BF399007F36FA /* Assets.xcassets in Resources */ = {isa = PBXBuildFile; fileRef = DF3137AE270BF399007F36FA /* Assets.xcassets */; };
		DF3137B2270BF399007F36FA /* LaunchScreen.storyboard in Resources */ = {isa = PBXBuildFile; fileRef = DF3137B0270BF399007F36FA /* LaunchScreen.storyboard */; };
		DF8F1F4B270BF7D800C5D040 /* Localizable.strings in Resources */ = {isa = PBXBuildFile; fileRef = DF8F1F4A270BF7D800C5D040 /* Localizable.strings */; };
		DF8F1F4D270BF7F100C5D040 /* WPStrings.swift in Sources */ = {isa = PBXBuildFile; fileRef = DF8F1F4C270BF7F100C5D040 /* WPStrings.swift */; };
		DF8F1F4F270BF81800C5D040 /* swiftgen.yml in Resources */ = {isa = PBXBuildFile; fileRef = DF8F1F4E270BF81800C5D040 /* swiftgen.yml */; };
		DF8F1F59270BF92500C5D040 /* EventModel.swift in Sources */ = {isa = PBXBuildFile; fileRef = DF8F1F58270BF92500C5D040 /* EventModel.swift */; };
		DF8F1F5B270BF92E00C5D040 /* InfoModel.swift in Sources */ = {isa = PBXBuildFile; fileRef = DF8F1F5A270BF92E00C5D040 /* InfoModel.swift */; };
		DF8F1F5E270BF9B000C5D040 /* CoordinatorProtocol.swift in Sources */ = {isa = PBXBuildFile; fileRef = DF8F1F5D270BF9B000C5D040 /* CoordinatorProtocol.swift */; };
		DF8F1F60270BF9C500C5D040 /* AppCoordinator.swift in Sources */ = {isa = PBXBuildFile; fileRef = DF8F1F5F270BF9C500C5D040 /* AppCoordinator.swift */; };
		DF8F1F62270BF9D200C5D040 /* EventsCoordinator.swift in Sources */ = {isa = PBXBuildFile; fileRef = DF8F1F61270BF9D200C5D040 /* EventsCoordinator.swift */; };
		DF8F1F65270BFA3C00C5D040 /* BaseRequest.swift in Sources */ = {isa = PBXBuildFile; fileRef = DF8F1F64270BFA3C00C5D040 /* BaseRequest.swift */; };
		DF8F1F67270BFA4600C5D040 /* ServiceManager.swift in Sources */ = {isa = PBXBuildFile; fileRef = DF8F1F66270BFA4600C5D040 /* ServiceManager.swift */; };
		DF8F1F6C270BFB5B00C5D040 /* EventsListView.swift in Sources */ = {isa = PBXBuildFile; fileRef = DF8F1F6B270BFB5B00C5D040 /* EventsListView.swift */; };
		DF8F1F6E270BFB6600C5D040 /* EventsListViewController.swift in Sources */ = {isa = PBXBuildFile; fileRef = DF8F1F6D270BFB6600C5D040 /* EventsListViewController.swift */; };
		DF8F1F70270BFB6F00C5D040 /* EventsListViewModel.swift in Sources */ = {isa = PBXBuildFile; fileRef = DF8F1F6F270BFB6F00C5D040 /* EventsListViewModel.swift */; };
		DF8F1F72270BFB7A00C5D040 /* EventsListService.swift in Sources */ = {isa = PBXBuildFile; fileRef = DF8F1F71270BFB7A00C5D040 /* EventsListService.swift */; };
		DF8F1F74270BFB8A00C5D040 /* EventsCell.swift in Sources */ = {isa = PBXBuildFile; fileRef = DF8F1F73270BFB8A00C5D040 /* EventsCell.swift */; };
		DF8F1F7B270BFC6300C5D040 /* OverlayView.swift in Sources */ = {isa = PBXBuildFile; fileRef = DF8F1F7A270BFC6300C5D040 /* OverlayView.swift */; };
		DF8F1F7D270BFC8700C5D040 /* BaseViewController.swift in Sources */ = {isa = PBXBuildFile; fileRef = DF8F1F7C270BFC8700C5D040 /* BaseViewController.swift */; };
		DF8F1F7F270BFCA800C5D040 /* Date+Ext.swift in Sources */ = {isa = PBXBuildFile; fileRef = DF8F1F7E270BFCA800C5D040 /* Date+Ext.swift */; };
		DF8F1F81270BFCBB00C5D040 /* UIImageView+Ext.swift in Sources */ = {isa = PBXBuildFile; fileRef = DF8F1F80270BFCBB00C5D040 /* UIImageView+Ext.swift */; };
		DF8F1F83270BFCCD00C5D040 /* UINavigationController+Ext.swift in Sources */ = {isa = PBXBuildFile; fileRef = DF8F1F82270BFCCD00C5D040 /* UINavigationController+Ext.swift */; };
		DF8F1F85270BFCE100C5D040 /* Strings+Ext.swift in Sources */ = {isa = PBXBuildFile; fileRef = DF8F1F84270BFCE100C5D040 /* Strings+Ext.swift */; };
		DF8F1F87270BFCF100C5D040 /* Double+Ext.swift in Sources */ = {isa = PBXBuildFile; fileRef = DF8F1F86270BFCF100C5D040 /* Double+Ext.swift */; };
		DF8F1F89270BFD0400C5D040 /* UIView+Ext.swift in Sources */ = {isa = PBXBuildFile; fileRef = DF8F1F88270BFD0400C5D040 /* UIView+Ext.swift */; };
		DF8F1F8C270BFFF800C5D040 /* MockAPIServiceManager.swift in Sources */ = {isa = PBXBuildFile; fileRef = DF8F1F8B270BFFF800C5D040 /* MockAPIServiceManager.swift */; };
		DF8F1F94270C005200C5D040 /* EventsListViewModelSpec.swift in Sources */ = {isa = PBXBuildFile; fileRef = DF8F1F8F270C005200C5D040 /* EventsListViewModelSpec.swift */; };
		DF8F1F95270C005200C5D040 /* EventsListServiceSpec.swift in Sources */ = {isa = PBXBuildFile; fileRef = DF8F1F90270C005200C5D040 /* EventsListServiceSpec.swift */; };
		DF8F1F96270C005200C5D040 /* EventsListViewSpec.swift in Sources */ = {isa = PBXBuildFile; fileRef = DF8F1F91270C005200C5D040 /* EventsListViewSpec.swift */; };
		DF8F1F97270C005200C5D040 /* EventsListRequestSpec.swift in Sources */ = {isa = PBXBuildFile; fileRef = DF8F1F92270C005200C5D040 /* EventsListRequestSpec.swift */; };
		DF8F1F98270C005200C5D040 /* EventsListViewControllerSpec.swift in Sources */ = {isa = PBXBuildFile; fileRef = DF8F1F93270C005200C5D040 /* EventsListViewControllerSpec.swift */; };
		DF8F1F9B270C00CD00C5D040 /* QuickSpec+Ext.swift in Sources */ = {isa = PBXBuildFile; fileRef = DF8F1F9A270C00CD00C5D040 /* QuickSpec+Ext.swift */; };
		DF8F1FA0270C012000C5D040 /* eventsList.json in Resources */ = {isa = PBXBuildFile; fileRef = DF8F1F9F270C012000C5D040 /* eventsList.json */; };
		DF8F1FA2270C013800C5D040 /* event.json in Resources */ = {isa = PBXBuildFile; fileRef = DF8F1FA1270C013800C5D040 /* event.json */; };
		DF8F1FA5270C030000C5D040 /* EventDetailView.swift in Sources */ = {isa = PBXBuildFile; fileRef = DF8F1FA4270C030000C5D040 /* EventDetailView.swift */; };
		DF8F1FA7270C030B00C5D040 /* EventDetailViewModel.swift in Sources */ = {isa = PBXBuildFile; fileRef = DF8F1FA6270C030A00C5D040 /* EventDetailViewModel.swift */; };
		DF8F1FA9270C031600C5D040 /* EventDetailViewController.swift in Sources */ = {isa = PBXBuildFile; fileRef = DF8F1FA8270C031600C5D040 /* EventDetailViewController.swift */; };
		DF8F1FAB270C032900C5D040 /* CheckinService.swift in Sources */ = {isa = PBXBuildFile; fileRef = DF8F1FAA270C032900C5D040 /* CheckinService.swift */; };
		DF8F1FB1270C042300C5D040 /* EventDetailViewControllerSpec.swift in Sources */ = {isa = PBXBuildFile; fileRef = DF8F1FAD270C042200C5D040 /* EventDetailViewControllerSpec.swift */; };
		DF8F1FB2270C042300C5D040 /* EventDetailRequestSpec.swift in Sources */ = {isa = PBXBuildFile; fileRef = DF8F1FAE270C042200C5D040 /* EventDetailRequestSpec.swift */; };
		DF8F1FB3270C042300C5D040 /* EventDetailViewModelSpec.swift in Sources */ = {isa = PBXBuildFile; fileRef = DF8F1FAF270C042300C5D040 /* EventDetailViewModelSpec.swift */; };
		DF8F1FB4270C042300C5D040 /* EventDetailViewSpec.swift in Sources */ = {isa = PBXBuildFile; fileRef = DF8F1FB0270C042300C5D040 /* EventDetailViewSpec.swift */; };
/* End PBXBuildFile section */

/* Begin PBXContainerItemProxy section */
		DF3137B9270BF399007F36FA /* PBXContainerItemProxy */ = {
			isa = PBXContainerItemProxy;
			containerPortal = DF31379A270BF397007F36FA /* Project object */;
			proxyType = 1;
			remoteGlobalIDString = DF3137A1270BF397007F36FA;
			remoteInfo = WoopEvent;
		};
/* End PBXContainerItemProxy section */

/* Begin PBXFileReference section */
		07F64282D79151E4DDEDE7C2 /* Pods-WoopEventTests.debug.xcconfig */ = {isa = PBXFileReference; includeInIndex = 1; lastKnownFileType = text.xcconfig; name = "Pods-WoopEventTests.debug.xcconfig"; path = "Target Support Files/Pods-WoopEventTests/Pods-WoopEventTests.debug.xcconfig"; sourceTree = "<group>"; };
		31AE9A9717CDFF428436CA51 /* Pods-WoopEvent.release.xcconfig */ = {isa = PBXFileReference; includeInIndex = 1; lastKnownFileType = text.xcconfig; name = "Pods-WoopEvent.release.xcconfig"; path = "Target Support Files/Pods-WoopEvent/Pods-WoopEvent.release.xcconfig"; sourceTree = "<group>"; };
		52632AD8746246C21E269B1F /* Pods-WoopEvent.debug.xcconfig */ = {isa = PBXFileReference; includeInIndex = 1; lastKnownFileType = text.xcconfig; name = "Pods-WoopEvent.debug.xcconfig"; path = "Target Support Files/Pods-WoopEvent/Pods-WoopEvent.debug.xcconfig"; sourceTree = "<group>"; };
		8030E9B87AD0B0B2E1BDED5D /* libPods-WoopEventTests.a */ = {isa = PBXFileReference; explicitFileType = archive.ar; includeInIndex = 0; path = "libPods-WoopEventTests.a"; sourceTree = BUILT_PRODUCTS_DIR; };
		946ACAA8D07C9A55855499F6 /* Pods-WoopEventTests.release.xcconfig */ = {isa = PBXFileReference; includeInIndex = 1; lastKnownFileType = text.xcconfig; name = "Pods-WoopEventTests.release.xcconfig"; path = "Target Support Files/Pods-WoopEventTests/Pods-WoopEventTests.release.xcconfig"; sourceTree = "<group>"; };
		DF3137A2270BF397007F36FA /* WoopEvent.app */ = {isa = PBXFileReference; explicitFileType = wrapper.application; includeInIndex = 0; path = WoopEvent.app; sourceTree = BUILT_PRODUCTS_DIR; };
		DF3137A5270BF397007F36FA /* AppDelegate.swift */ = {isa = PBXFileReference; lastKnownFileType = sourcecode.swift; path = AppDelegate.swift; sourceTree = "<group>"; };
		DF3137A7270BF397007F36FA /* SceneDelegate.swift */ = {isa = PBXFileReference; lastKnownFileType = sourcecode.swift; path = SceneDelegate.swift; sourceTree = "<group>"; };
		DF3137AE270BF399007F36FA /* Assets.xcassets */ = {isa = PBXFileReference; lastKnownFileType = folder.assetcatalog; path = Assets.xcassets; sourceTree = "<group>"; };
		DF3137B1270BF399007F36FA /* Base */ = {isa = PBXFileReference; lastKnownFileType = file.storyboard; name = Base; path = Base.lproj/LaunchScreen.storyboard; sourceTree = "<group>"; };
		DF3137B3270BF399007F36FA /* Info.plist */ = {isa = PBXFileReference; lastKnownFileType = text.plist.xml; path = Info.plist; sourceTree = "<group>"; };
		DF3137B8270BF399007F36FA /* WoopEventTests.xctest */ = {isa = PBXFileReference; explicitFileType = wrapper.cfbundle; includeInIndex = 0; path = WoopEventTests.xctest; sourceTree = BUILT_PRODUCTS_DIR; };
		DF8F1F4A270BF7D800C5D040 /* Localizable.strings */ = {isa = PBXFileReference; lastKnownFileType = text.plist.strings; path = Localizable.strings; sourceTree = "<group>"; };
		DF8F1F4C270BF7F100C5D040 /* WPStrings.swift */ = {isa = PBXFileReference; lastKnownFileType = sourcecode.swift; path = WPStrings.swift; sourceTree = "<group>"; };
		DF8F1F4E270BF81800C5D040 /* swiftgen.yml */ = {isa = PBXFileReference; lastKnownFileType = text.yaml; path = swiftgen.yml; sourceTree = "<group>"; };
		DF8F1F58270BF92500C5D040 /* EventModel.swift */ = {isa = PBXFileReference; lastKnownFileType = sourcecode.swift; path = EventModel.swift; sourceTree = "<group>"; };
		DF8F1F5A270BF92E00C5D040 /* InfoModel.swift */ = {isa = PBXFileReference; lastKnownFileType = sourcecode.swift; path = InfoModel.swift; sourceTree = "<group>"; };
		DF8F1F5D270BF9B000C5D040 /* CoordinatorProtocol.swift */ = {isa = PBXFileReference; lastKnownFileType = sourcecode.swift; path = CoordinatorProtocol.swift; sourceTree = "<group>"; };
		DF8F1F5F270BF9C500C5D040 /* AppCoordinator.swift */ = {isa = PBXFileReference; lastKnownFileType = sourcecode.swift; path = AppCoordinator.swift; sourceTree = "<group>"; };
		DF8F1F61270BF9D200C5D040 /* EventsCoordinator.swift */ = {isa = PBXFileReference; lastKnownFileType = sourcecode.swift; path = EventsCoordinator.swift; sourceTree = "<group>"; };
		DF8F1F64270BFA3C00C5D040 /* BaseRequest.swift */ = {isa = PBXFileReference; lastKnownFileType = sourcecode.swift; path = BaseRequest.swift; sourceTree = "<group>"; };
		DF8F1F66270BFA4600C5D040 /* ServiceManager.swift */ = {isa = PBXFileReference; lastKnownFileType = sourcecode.swift; path = ServiceManager.swift; sourceTree = "<group>"; };
		DF8F1F6B270BFB5B00C5D040 /* EventsListView.swift */ = {isa = PBXFileReference; lastKnownFileType = sourcecode.swift; path = EventsListView.swift; sourceTree = "<group>"; };
		DF8F1F6D270BFB6600C5D040 /* EventsListViewController.swift */ = {isa = PBXFileReference; lastKnownFileType = sourcecode.swift; path = EventsListViewController.swift; sourceTree = "<group>"; };
		DF8F1F6F270BFB6F00C5D040 /* EventsListViewModel.swift */ = {isa = PBXFileReference; lastKnownFileType = sourcecode.swift; path = EventsListViewModel.swift; sourceTree = "<group>"; };
		DF8F1F71270BFB7A00C5D040 /* EventsListService.swift */ = {isa = PBXFileReference; lastKnownFileType = sourcecode.swift; path = EventsListService.swift; sourceTree = "<group>"; };
		DF8F1F73270BFB8A00C5D040 /* EventsCell.swift */ = {isa = PBXFileReference; lastKnownFileType = sourcecode.swift; path = EventsCell.swift; sourceTree = "<group>"; };
		DF8F1F7A270BFC6300C5D040 /* OverlayView.swift */ = {isa = PBXFileReference; lastKnownFileType = sourcecode.swift; path = OverlayView.swift; sourceTree = "<group>"; };
		DF8F1F7C270BFC8700C5D040 /* BaseViewController.swift */ = {isa = PBXFileReference; lastKnownFileType = sourcecode.swift; path = BaseViewController.swift; sourceTree = "<group>"; };
		DF8F1F7E270BFCA800C5D040 /* Date+Ext.swift */ = {isa = PBXFileReference; lastKnownFileType = sourcecode.swift; path = "Date+Ext.swift"; sourceTree = "<group>"; };
		DF8F1F80270BFCBB00C5D040 /* UIImageView+Ext.swift */ = {isa = PBXFileReference; lastKnownFileType = sourcecode.swift; path = "UIImageView+Ext.swift"; sourceTree = "<group>"; };
		DF8F1F82270BFCCD00C5D040 /* UINavigationController+Ext.swift */ = {isa = PBXFileReference; lastKnownFileType = sourcecode.swift; path = "UINavigationController+Ext.swift"; sourceTree = "<group>"; };
		DF8F1F84270BFCE100C5D040 /* Strings+Ext.swift */ = {isa = PBXFileReference; lastKnownFileType = sourcecode.swift; path = "Strings+Ext.swift"; sourceTree = "<group>"; };
		DF8F1F86270BFCF100C5D040 /* Double+Ext.swift */ = {isa = PBXFileReference; lastKnownFileType = sourcecode.swift; path = "Double+Ext.swift"; sourceTree = "<group>"; };
		DF8F1F88270BFD0400C5D040 /* UIView+Ext.swift */ = {isa = PBXFileReference; lastKnownFileType = sourcecode.swift; path = "UIView+Ext.swift"; sourceTree = "<group>"; };
		DF8F1F8B270BFFF800C5D040 /* MockAPIServiceManager.swift */ = {isa = PBXFileReference; lastKnownFileType = sourcecode.swift; path = MockAPIServiceManager.swift; sourceTree = "<group>"; };
		DF8F1F8F270C005200C5D040 /* EventsListViewModelSpec.swift */ = {isa = PBXFileReference; fileEncoding = 4; lastKnownFileType = sourcecode.swift; path = EventsListViewModelSpec.swift; sourceTree = "<group>"; };
		DF8F1F90270C005200C5D040 /* EventsListServiceSpec.swift */ = {isa = PBXFileReference; fileEncoding = 4; lastKnownFileType = sourcecode.swift; path = EventsListServiceSpec.swift; sourceTree = "<group>"; };
		DF8F1F91270C005200C5D040 /* EventsListViewSpec.swift */ = {isa = PBXFileReference; fileEncoding = 4; lastKnownFileType = sourcecode.swift; path = EventsListViewSpec.swift; sourceTree = "<group>"; };
		DF8F1F92270C005200C5D040 /* EventsListRequestSpec.swift */ = {isa = PBXFileReference; fileEncoding = 4; lastKnownFileType = sourcecode.swift; path = EventsListRequestSpec.swift; sourceTree = "<group>"; };
		DF8F1F93270C005200C5D040 /* EventsListViewControllerSpec.swift */ = {isa = PBXFileReference; fileEncoding = 4; lastKnownFileType = sourcecode.swift; path = EventsListViewControllerSpec.swift; sourceTree = "<group>"; };
		DF8F1F9A270C00CD00C5D040 /* QuickSpec+Ext.swift */ = {isa = PBXFileReference; lastKnownFileType = sourcecode.swift; path = "QuickSpec+Ext.swift"; sourceTree = "<group>"; };
		DF8F1F9F270C012000C5D040 /* eventsList.json */ = {isa = PBXFileReference; lastKnownFileType = text.json; path = eventsList.json; sourceTree = "<group>"; };
		DF8F1FA1270C013800C5D040 /* event.json */ = {isa = PBXFileReference; lastKnownFileType = text.json; path = event.json; sourceTree = "<group>"; };
		DF8F1FA4270C030000C5D040 /* EventDetailView.swift */ = {isa = PBXFileReference; lastKnownFileType = sourcecode.swift; path = EventDetailView.swift; sourceTree = "<group>"; };
		DF8F1FA6270C030A00C5D040 /* EventDetailViewModel.swift */ = {isa = PBXFileReference; lastKnownFileType = sourcecode.swift; path = EventDetailViewModel.swift; sourceTree = "<group>"; };
		DF8F1FA8270C031600C5D040 /* EventDetailViewController.swift */ = {isa = PBXFileReference; lastKnownFileType = sourcecode.swift; path = EventDetailViewController.swift; sourceTree = "<group>"; };
		DF8F1FAA270C032900C5D040 /* CheckinService.swift */ = {isa = PBXFileReference; lastKnownFileType = sourcecode.swift; path = CheckinService.swift; sourceTree = "<group>"; };
		DF8F1FAD270C042200C5D040 /* EventDetailViewControllerSpec.swift */ = {isa = PBXFileReference; fileEncoding = 4; lastKnownFileType = sourcecode.swift; path = EventDetailViewControllerSpec.swift; sourceTree = "<group>"; };
		DF8F1FAE270C042200C5D040 /* EventDetailRequestSpec.swift */ = {isa = PBXFileReference; fileEncoding = 4; lastKnownFileType = sourcecode.swift; path = EventDetailRequestSpec.swift; sourceTree = "<group>"; };
		DF8F1FAF270C042300C5D040 /* EventDetailViewModelSpec.swift */ = {isa = PBXFileReference; fileEncoding = 4; lastKnownFileType = sourcecode.swift; path = EventDetailViewModelSpec.swift; sourceTree = "<group>"; };
		DF8F1FB0270C042300C5D040 /* EventDetailViewSpec.swift */ = {isa = PBXFileReference; fileEncoding = 4; lastKnownFileType = sourcecode.swift; path = EventDetailViewSpec.swift; sourceTree = "<group>"; };
		F15274945121DA6F2B4128E5 /* libPods-WoopEvent.a */ = {isa = PBXFileReference; explicitFileType = archive.ar; includeInIndex = 0; path = "libPods-WoopEvent.a"; sourceTree = BUILT_PRODUCTS_DIR; };
/* End PBXFileReference section */

/* Begin PBXFrameworksBuildPhase section */
		DF31379F270BF397007F36FA /* Frameworks */ = {
			isa = PBXFrameworksBuildPhase;
			buildActionMask = 2147483647;
			files = (
				4140ADDFCACE1A02E7C1F0AD /* libPods-WoopEvent.a in Frameworks */,
			);
			runOnlyForDeploymentPostprocessing = 0;
		};
		DF3137B5270BF399007F36FA /* Frameworks */ = {
			isa = PBXFrameworksBuildPhase;
			buildActionMask = 2147483647;
			files = (
				3616C5638001EE6C2F713235 /* libPods-WoopEventTests.a in Frameworks */,
			);
			runOnlyForDeploymentPostprocessing = 0;
		};
/* End PBXFrameworksBuildPhase section */

/* Begin PBXGroup section */
		D075A20AF23A784D1967816F /* Frameworks */ = {
			isa = PBXGroup;
			children = (
				F15274945121DA6F2B4128E5 /* libPods-WoopEvent.a */,
				8030E9B87AD0B0B2E1BDED5D /* libPods-WoopEventTests.a */,
			);
			name = Frameworks;
			sourceTree = "<group>";
		};
		D97F491E3293F4E2FAE94619 /* Pods */ = {
			isa = PBXGroup;
			children = (
				52632AD8746246C21E269B1F /* Pods-WoopEvent.debug.xcconfig */,
				31AE9A9717CDFF428436CA51 /* Pods-WoopEvent.release.xcconfig */,
				07F64282D79151E4DDEDE7C2 /* Pods-WoopEventTests.debug.xcconfig */,
				946ACAA8D07C9A55855499F6 /* Pods-WoopEventTests.release.xcconfig */,
			);
			path = Pods;
			sourceTree = "<group>";
		};
		DF313799270BF397007F36FA = {
			isa = PBXGroup;
			children = (
				DF8F1F4E270BF81800C5D040 /* swiftgen.yml */,
				DF3137A4270BF397007F36FA /* WoopEvent */,
				DF3137BB270BF399007F36FA /* WoopEventTests */,
				DF3137A3270BF397007F36FA /* Products */,
				D97F491E3293F4E2FAE94619 /* Pods */,
				D075A20AF23A784D1967816F /* Frameworks */,
			);
			sourceTree = "<group>";
		};
		DF3137A3270BF397007F36FA /* Products */ = {
			isa = PBXGroup;
			children = (
				DF3137A2270BF397007F36FA /* WoopEvent.app */,
				DF3137B8270BF399007F36FA /* WoopEventTests.xctest */,
			);
			name = Products;
			sourceTree = "<group>";
		};
		DF3137A4270BF397007F36FA /* WoopEvent */ = {
			isa = PBXGroup;
			children = (
				DF8F1F75270BFC2200C5D040 /* Commons */,
				DF8F1F68270BFB0400C5D040 /* Features */,
				DF8F1F63270BFA2600C5D040 /* Network */,
				DF8F1F5C270BF99400C5D040 /* Coordinator */,
				DF8F1F57270BF91200C5D040 /* Models */,
				DF8F1F47270BF77300C5D040 /* SupportingFiles */,
				DF3137A5270BF397007F36FA /* AppDelegate.swift */,
				DF3137A7270BF397007F36FA /* SceneDelegate.swift */,
				DF3137AE270BF399007F36FA /* Assets.xcassets */,
				DF3137B0270BF399007F36FA /* LaunchScreen.storyboard */,
				DF3137B3270BF399007F36FA /* Info.plist */,
			);
			path = WoopEvent;
			sourceTree = "<group>";
		};
		DF3137BB270BF399007F36FA /* WoopEventTests */ = {
			isa = PBXGroup;
			children = (
				DF8F1F9C270C00DB00C5D040 /* Mocks */,
				DF8F1F99270C00BB00C5D040 /* Helpers */,
				DF8F1F8D270C001300C5D040 /* Features */,
				DF8F1F8A270BFFE600C5D040 /* MockAPIService */,
			);
			path = WoopEventTests;
			sourceTree = "<group>";
		};
		DF8F1F47270BF77300C5D040 /* SupportingFiles */ = {
			isa = PBXGroup;
			children = (
				DF8F1F49270BF7B800C5D040 /* Resources */,
				DF8F1F48270BF7B000C5D040 /* SwiftGen */,
			);
			path = SupportingFiles;
			sourceTree = "<group>";
		};
		DF8F1F48270BF7B000C5D040 /* SwiftGen */ = {
			isa = PBXGroup;
			children = (
				DF8F1F4C270BF7F100C5D040 /* WPStrings.swift */,
			);
			path = SwiftGen;
			sourceTree = "<group>";
		};
		DF8F1F49270BF7B800C5D040 /* Resources */ = {
			isa = PBXGroup;
			children = (
				DF8F1F4A270BF7D800C5D040 /* Localizable.strings */,
			);
			path = Resources;
			sourceTree = "<group>";
		};
		DF8F1F57270BF91200C5D040 /* Models */ = {
			isa = PBXGroup;
			children = (
				DF8F1F58270BF92500C5D040 /* EventModel.swift */,
				DF8F1F5A270BF92E00C5D040 /* InfoModel.swift */,
			);
			path = Models;
			sourceTree = "<group>";
		};
		DF8F1F5C270BF99400C5D040 /* Coordinator */ = {
			isa = PBXGroup;
			children = (
				DF8F1F5D270BF9B000C5D040 /* CoordinatorProtocol.swift */,
				DF8F1F5F270BF9C500C5D040 /* AppCoordinator.swift */,
				DF8F1F61270BF9D200C5D040 /* EventsCoordinator.swift */,
			);
			path = Coordinator;
			sourceTree = "<group>";
		};
		DF8F1F63270BFA2600C5D040 /* Network */ = {
			isa = PBXGroup;
			children = (
				DF8F1F64270BFA3C00C5D040 /* BaseRequest.swift */,
				DF8F1F66270BFA4600C5D040 /* ServiceManager.swift */,
			);
			path = Network;
			sourceTree = "<group>";
		};
		DF8F1F68270BFB0400C5D040 /* Features */ = {
			isa = PBXGroup;
			children = (
				DF8F1F69270BFB2400C5D040 /* Events */,
			);
			path = Features;
			sourceTree = "<group>";
		};
		DF8F1F69270BFB2400C5D040 /* Events */ = {
			isa = PBXGroup;
			children = (
				DF8F1FA3270C02E800C5D040 /* EventDetail */,
				DF8F1F6A270BFB3400C5D040 /* EventsList */,
			);
			path = Events;
			sourceTree = "<group>";
		};
		DF8F1F6A270BFB3400C5D040 /* EventsList */ = {
			isa = PBXGroup;
			children = (
				DF8F1F6B270BFB5B00C5D040 /* EventsListView.swift */,
				DF8F1F6D270BFB6600C5D040 /* EventsListViewController.swift */,
				DF8F1F6F270BFB6F00C5D040 /* EventsListViewModel.swift */,
				DF8F1F71270BFB7A00C5D040 /* EventsListService.swift */,
				DF8F1F73270BFB8A00C5D040 /* EventsCell.swift */,
			);
			path = EventsList;
			sourceTree = "<group>";
		};
		DF8F1F75270BFC2200C5D040 /* Commons */ = {
			isa = PBXGroup;
			children = (
				DF8F1F78270BFC4000C5D040 /* Extensions */,
				DF8F1F77270BFC3800C5D040 /* BaseViewController */,
				DF8F1F76270BFC2F00C5D040 /* Components */,
			);
			path = Commons;
			sourceTree = "<group>";
		};
		DF8F1F76270BFC2F00C5D040 /* Components */ = {
			isa = PBXGroup;
			children = (
				DF8F1F79270BFC4B00C5D040 /* OverlayView */,
			);
			path = Components;
			sourceTree = "<group>";
		};
		DF8F1F77270BFC3800C5D040 /* BaseViewController */ = {
			isa = PBXGroup;
			children = (
				DF8F1F7C270BFC8700C5D040 /* BaseViewController.swift */,
			);
			path = BaseViewController;
			sourceTree = "<group>";
		};
		DF8F1F78270BFC4000C5D040 /* Extensions */ = {
			isa = PBXGroup;
			children = (
				DF8F1F7E270BFCA800C5D040 /* Date+Ext.swift */,
				DF8F1F80270BFCBB00C5D040 /* UIImageView+Ext.swift */,
				DF8F1F82270BFCCD00C5D040 /* UINavigationController+Ext.swift */,
				DF8F1F84270BFCE100C5D040 /* Strings+Ext.swift */,
				DF8F1F86270BFCF100C5D040 /* Double+Ext.swift */,
				DF8F1F88270BFD0400C5D040 /* UIView+Ext.swift */,
			);
			path = Extensions;
			sourceTree = "<group>";
		};
		DF8F1F79270BFC4B00C5D040 /* OverlayView */ = {
			isa = PBXGroup;
			children = (
				DF8F1F7A270BFC6300C5D040 /* OverlayView.swift */,
			);
			path = OverlayView;
			sourceTree = "<group>";
		};
		DF8F1F8A270BFFE600C5D040 /* MockAPIService */ = {
			isa = PBXGroup;
			children = (
				DF8F1F8B270BFFF800C5D040 /* MockAPIServiceManager.swift */,
			);
			path = MockAPIService;
			sourceTree = "<group>";
		};
		DF8F1F8D270C001300C5D040 /* Features */ = {
			isa = PBXGroup;
			children = (
				DF8F1FAC270C040100C5D040 /* EventDetail */,
				DF8F1F8E270C001D00C5D040 /* EventsList */,
			);
			path = Features;
			sourceTree = "<group>";
		};
		DF8F1F8E270C001D00C5D040 /* EventsList */ = {
			isa = PBXGroup;
			children = (
				DF8F1F92270C005200C5D040 /* EventsListRequestSpec.swift */,
				DF8F1F90270C005200C5D040 /* EventsListServiceSpec.swift */,
				DF8F1F93270C005200C5D040 /* EventsListViewControllerSpec.swift */,
				DF8F1F8F270C005200C5D040 /* EventsListViewModelSpec.swift */,
				DF8F1F91270C005200C5D040 /* EventsListViewSpec.swift */,
			);
			path = EventsList;
			sourceTree = "<group>";
		};
		DF8F1F99270C00BB00C5D040 /* Helpers */ = {
			isa = PBXGroup;
			children = (
				DF8F1F9A270C00CD00C5D040 /* QuickSpec+Ext.swift */,
			);
			path = Helpers;
			sourceTree = "<group>";
		};
		DF8F1F9C270C00DB00C5D040 /* Mocks */ = {
			isa = PBXGroup;
			children = (
				DF8F1F9F270C012000C5D040 /* eventsList.json */,
				DF8F1FA1270C013800C5D040 /* event.json */,
			);
			path = Mocks;
			sourceTree = "<group>";
		};
		DF8F1FA3270C02E800C5D040 /* EventDetail */ = {
			isa = PBXGroup;
			children = (
				DF8F1FA4270C030000C5D040 /* EventDetailView.swift */,
				DF8F1FA6270C030A00C5D040 /* EventDetailViewModel.swift */,
				DF8F1FA8270C031600C5D040 /* EventDetailViewController.swift */,
				DF8F1FAA270C032900C5D040 /* CheckinService.swift */,
			);
			path = EventDetail;
			sourceTree = "<group>";
		};
		DF8F1FAC270C040100C5D040 /* EventDetail */ = {
			isa = PBXGroup;
			children = (
				DF8F1FAE270C042200C5D040 /* EventDetailRequestSpec.swift */,
				DF8F1FAD270C042200C5D040 /* EventDetailViewControllerSpec.swift */,
				DF8F1FAF270C042300C5D040 /* EventDetailViewModelSpec.swift */,
				DF8F1FB0270C042300C5D040 /* EventDetailViewSpec.swift */,
			);
			path = EventDetail;
			sourceTree = "<group>";
		};
/* End PBXGroup section */

/* Begin PBXNativeTarget section */
		DF3137A1270BF397007F36FA /* WoopEvent */ = {
			isa = PBXNativeTarget;
			buildConfigurationList = DF3137CC270BF39A007F36FA /* Build configuration list for PBXNativeTarget "WoopEvent" */;
			buildPhases = (
				DF8F1F56270BF8DB00C5D040 /* SwiftGen */,
				3884A6829FE375142A9A86C0 /* [CP] Check Pods Manifest.lock */,
				DF31379E270BF397007F36FA /* Sources */,
				DF31379F270BF397007F36FA /* Frameworks */,
				DF3137A0270BF397007F36FA /* Resources */,
				DF8F1F55270BF8C800C5D040 /* SwiftLint */,
			);
			buildRules = (
			);
			dependencies = (
			);
			name = WoopEvent;
			productName = WoopEvent;
			productReference = DF3137A2270BF397007F36FA /* WoopEvent.app */;
			productType = "com.apple.product-type.application";
		};
		DF3137B7270BF399007F36FA /* WoopEventTests */ = {
			isa = PBXNativeTarget;
			buildConfigurationList = DF3137CF270BF39A007F36FA /* Build configuration list for PBXNativeTarget "WoopEventTests" */;
			buildPhases = (
				B70DB1EDBCA89F28BAA6B99C /* [CP] Check Pods Manifest.lock */,
				DF3137B4270BF399007F36FA /* Sources */,
				DF3137B5270BF399007F36FA /* Frameworks */,
				DF3137B6270BF399007F36FA /* Resources */,
			);
			buildRules = (
			);
			dependencies = (
				DF3137BA270BF399007F36FA /* PBXTargetDependency */,
			);
			name = WoopEventTests;
			productName = WoopEventTests;
			productReference = DF3137B8270BF399007F36FA /* WoopEventTests.xctest */;
			productType = "com.apple.product-type.bundle.unit-test";
		};
/* End PBXNativeTarget section */

/* Begin PBXProject section */
		DF31379A270BF397007F36FA /* Project object */ = {
			isa = PBXProject;
			attributes = {
				BuildIndependentTargetsInParallel = 1;
				LastSwiftUpdateCheck = 1300;
				LastUpgradeCheck = 1300;
				TargetAttributes = {
					DF3137A1270BF397007F36FA = {
						CreatedOnToolsVersion = 13.0;
					};
					DF3137B7270BF399007F36FA = {
						CreatedOnToolsVersion = 13.0;
						TestTargetID = DF3137A1270BF397007F36FA;
					};
				};
			};
			buildConfigurationList = DF31379D270BF397007F36FA /* Build configuration list for PBXProject "WoopEvent" */;
			compatibilityVersion = "Xcode 13.0";
			developmentRegion = en;
			hasScannedForEncodings = 0;
			knownRegions = (
				en,
				Base,
			);
			mainGroup = DF313799270BF397007F36FA;
			productRefGroup = DF3137A3270BF397007F36FA /* Products */;
			projectDirPath = "";
			projectRoot = "";
			targets = (
				DF3137A1270BF397007F36FA /* WoopEvent */,
				DF3137B7270BF399007F36FA /* WoopEventTests */,
			);
		};
/* End PBXProject section */

/* Begin PBXResourcesBuildPhase section */
		DF3137A0270BF397007F36FA /* Resources */ = {
			isa = PBXResourcesBuildPhase;
			buildActionMask = 2147483647;
			files = (
				DF3137B2270BF399007F36FA /* LaunchScreen.storyboard in Resources */,
				DF8F1F4F270BF81800C5D040 /* swiftgen.yml in Resources */,
				DF8F1F4B270BF7D800C5D040 /* Localizable.strings in Resources */,
				DF3137AF270BF399007F36FA /* Assets.xcassets in Resources */,
			);
			runOnlyForDeploymentPostprocessing = 0;
		};
		DF3137B6270BF399007F36FA /* Resources */ = {
			isa = PBXResourcesBuildPhase;
			buildActionMask = 2147483647;
			files = (
				DF8F1FA2270C013800C5D040 /* event.json in Resources */,
				DF8F1FA0270C012000C5D040 /* eventsList.json in Resources */,
			);
			runOnlyForDeploymentPostprocessing = 0;
		};
/* End PBXResourcesBuildPhase section */

/* Begin PBXShellScriptBuildPhase section */
		3884A6829FE375142A9A86C0 /* [CP] Check Pods Manifest.lock */ = {
			isa = PBXShellScriptBuildPhase;
			buildActionMask = 2147483647;
			files = (
			);
			inputFileListPaths = (
			);
			inputPaths = (
				"${PODS_PODFILE_DIR_PATH}/Podfile.lock",
				"${PODS_ROOT}/Manifest.lock",
			);
			name = "[CP] Check Pods Manifest.lock";
			outputFileListPaths = (
			);
			outputPaths = (
				"$(DERIVED_FILE_DIR)/Pods-WoopEvent-checkManifestLockResult.txt",
			);
			runOnlyForDeploymentPostprocessing = 0;
			shellPath = /bin/sh;
			shellScript = "diff \"${PODS_PODFILE_DIR_PATH}/Podfile.lock\" \"${PODS_ROOT}/Manifest.lock\" > /dev/null\nif [ $? != 0 ] ; then\n    # print error to STDERR\n    echo \"error: The sandbox is not in sync with the Podfile.lock. Run 'pod install' or update your CocoaPods installation.\" >&2\n    exit 1\nfi\n# This output is used by Xcode 'outputs' to avoid re-running this script phase.\necho \"SUCCESS\" > \"${SCRIPT_OUTPUT_FILE_0}\"\n";
			showEnvVarsInLog = 0;
		};
		B70DB1EDBCA89F28BAA6B99C /* [CP] Check Pods Manifest.lock */ = {
			isa = PBXShellScriptBuildPhase;
			buildActionMask = 2147483647;
			files = (
			);
			inputFileListPaths = (
			);
			inputPaths = (
				"${PODS_PODFILE_DIR_PATH}/Podfile.lock",
				"${PODS_ROOT}/Manifest.lock",
			);
			name = "[CP] Check Pods Manifest.lock";
			outputFileListPaths = (
			);
			outputPaths = (
				"$(DERIVED_FILE_DIR)/Pods-WoopEventTests-checkManifestLockResult.txt",
			);
			runOnlyForDeploymentPostprocessing = 0;
			shellPath = /bin/sh;
			shellScript = "diff \"${PODS_PODFILE_DIR_PATH}/Podfile.lock\" \"${PODS_ROOT}/Manifest.lock\" > /dev/null\nif [ $? != 0 ] ; then\n    # print error to STDERR\n    echo \"error: The sandbox is not in sync with the Podfile.lock. Run 'pod install' or update your CocoaPods installation.\" >&2\n    exit 1\nfi\n# This output is used by Xcode 'outputs' to avoid re-running this script phase.\necho \"SUCCESS\" > \"${SCRIPT_OUTPUT_FILE_0}\"\n";
			showEnvVarsInLog = 0;
		};
		DF8F1F55270BF8C800C5D040 /* SwiftLint */ = {
			isa = PBXShellScriptBuildPhase;
			buildActionMask = 2147483647;
			files = (
			);
			inputFileListPaths = (
			);
			inputPaths = (
			);
			name = SwiftLint;
			outputFileListPaths = (
			);
			outputPaths = (
			);
			runOnlyForDeploymentPostprocessing = 0;
			shellPath = /bin/sh;
			shellScript = "\"${PODS_ROOT}/SwiftLint/swiftlint\"\n";
		};
		DF8F1F56270BF8DB00C5D040 /* SwiftGen */ = {
			isa = PBXShellScriptBuildPhase;
			buildActionMask = 2147483647;
			files = (
			);
			inputFileListPaths = (
			);
			inputPaths = (
			);
			name = SwiftGen;
			outputFileListPaths = (
			);
			outputPaths = (
			);
			runOnlyForDeploymentPostprocessing = 0;
			shellPath = /bin/sh;
			shellScript = "\"$PODS_ROOT/SwiftGen/bin/swiftgen\"\n";
		};
/* End PBXShellScriptBuildPhase section */

/* Begin PBXSourcesBuildPhase section */
		DF31379E270BF397007F36FA /* Sources */ = {
			isa = PBXSourcesBuildPhase;
			buildActionMask = 2147483647;
			files = (
				DF8F1F74270BFB8A00C5D040 /* EventsCell.swift in Sources */,
				DF8F1F67270BFA4600C5D040 /* ServiceManager.swift in Sources */,
				DF8F1F65270BFA3C00C5D040 /* BaseRequest.swift in Sources */,
				DF8F1F62270BF9D200C5D040 /* EventsCoordinator.swift in Sources */,
				DF8F1F87270BFCF100C5D040 /* Double+Ext.swift in Sources */,
				DF8F1F5E270BF9B000C5D040 /* CoordinatorProtocol.swift in Sources */,
				DF8F1F7D270BFC8700C5D040 /* BaseViewController.swift in Sources */,
				DF8F1F89270BFD0400C5D040 /* UIView+Ext.swift in Sources */,
				DF8F1FA5270C030000C5D040 /* EventDetailView.swift in Sources */,
				DF8F1F70270BFB6F00C5D040 /* EventsListViewModel.swift in Sources */,
				DF8F1F83270BFCCD00C5D040 /* UINavigationController+Ext.swift in Sources */,
				DF8F1F7B270BFC6300C5D040 /* OverlayView.swift in Sources */,
				DF8F1F7F270BFCA800C5D040 /* Date+Ext.swift in Sources */,
				DF8F1F6E270BFB6600C5D040 /* EventsListViewController.swift in Sources */,
				DF8F1F72270BFB7A00C5D040 /* EventsListService.swift in Sources */,
				DF3137A6270BF397007F36FA /* AppDelegate.swift in Sources */,
				DF8F1FA9270C031600C5D040 /* EventDetailViewController.swift in Sources */,
				DF3137A8270BF397007F36FA /* SceneDelegate.swift in Sources */,
				DF8F1F6C270BFB5B00C5D040 /* EventsListView.swift in Sources */,
				DF8F1F60270BF9C500C5D040 /* AppCoordinator.swift in Sources */,
				DF8F1FA7270C030B00C5D040 /* EventDetailViewModel.swift in Sources */,
				DF8F1F81270BFCBB00C5D040 /* UIImageView+Ext.swift in Sources */,
				DF8F1FAB270C032900C5D040 /* CheckinService.swift in Sources */,
				DF8F1F59270BF92500C5D040 /* EventModel.swift in Sources */,
				DF8F1F4D270BF7F100C5D040 /* WPStrings.swift in Sources */,
				DF8F1F85270BFCE100C5D040 /* Strings+Ext.swift in Sources */,
				DF8F1F5B270BF92E00C5D040 /* InfoModel.swift in Sources */,
			);
			runOnlyForDeploymentPostprocessing = 0;
		};
		DF3137B4270BF399007F36FA /* Sources */ = {
			isa = PBXSourcesBuildPhase;
			buildActionMask = 2147483647;
			files = (
				DF8F1FB4270C042300C5D040 /* EventDetailViewSpec.swift in Sources */,
				DF8F1F8C270BFFF800C5D040 /* MockAPIServiceManager.swift in Sources */,
				DF8F1F96270C005200C5D040 /* EventsListViewSpec.swift in Sources */,
				DF8F1F9B270C00CD00C5D040 /* QuickSpec+Ext.swift in Sources */,
				DF8F1FB2270C042300C5D040 /* EventDetailRequestSpec.swift in Sources */,
				DF8F1F98270C005200C5D040 /* EventsListViewControllerSpec.swift in Sources */,
				DF8F1F94270C005200C5D040 /* EventsListViewModelSpec.swift in Sources */,
				DF8F1FB1270C042300C5D040 /* EventDetailViewControllerSpec.swift in Sources */,
				DF8F1F97270C005200C5D040 /* EventsListRequestSpec.swift in Sources */,
				DF8F1F95270C005200C5D040 /* EventsListServiceSpec.swift in Sources */,
				DF8F1FB3270C042300C5D040 /* EventDetailViewModelSpec.swift in Sources */,
			);
			runOnlyForDeploymentPostprocessing = 0;
		};
/* End PBXSourcesBuildPhase section */

/* Begin PBXTargetDependency section */
		DF3137BA270BF399007F36FA /* PBXTargetDependency */ = {
			isa = PBXTargetDependency;
			target = DF3137A1270BF397007F36FA /* WoopEvent */;
			targetProxy = DF3137B9270BF399007F36FA /* PBXContainerItemProxy */;
		};
/* End PBXTargetDependency section */

/* Begin PBXVariantGroup section */
		DF3137B0270BF399007F36FA /* LaunchScreen.storyboard */ = {
			isa = PBXVariantGroup;
			children = (
				DF3137B1270BF399007F36FA /* Base */,
			);
			name = LaunchScreen.storyboard;
			sourceTree = "<group>";
		};
/* End PBXVariantGroup section */

/* Begin XCBuildConfiguration section */
		DF3137CA270BF39A007F36FA /* Debug */ = {
			isa = XCBuildConfiguration;
			buildSettings = {
				ALWAYS_SEARCH_USER_PATHS = NO;
				CLANG_ANALYZER_NONNULL = YES;
				CLANG_ANALYZER_NUMBER_OBJECT_CONVERSION = YES_AGGRESSIVE;
				CLANG_CXX_LANGUAGE_STANDARD = "gnu++17";
				CLANG_CXX_LIBRARY = "libc++";
				CLANG_ENABLE_MODULES = YES;
				CLANG_ENABLE_OBJC_ARC = YES;
				CLANG_ENABLE_OBJC_WEAK = YES;
				CLANG_WARN_BLOCK_CAPTURE_AUTORELEASING = YES;
				CLANG_WARN_BOOL_CONVERSION = YES;
				CLANG_WARN_COMMA = YES;
				CLANG_WARN_CONSTANT_CONVERSION = YES;
				CLANG_WARN_DEPRECATED_OBJC_IMPLEMENTATIONS = YES;
				CLANG_WARN_DIRECT_OBJC_ISA_USAGE = YES_ERROR;
				CLANG_WARN_DOCUMENTATION_COMMENTS = YES;
				CLANG_WARN_EMPTY_BODY = YES;
				CLANG_WARN_ENUM_CONVERSION = YES;
				CLANG_WARN_INFINITE_RECURSION = YES;
				CLANG_WARN_INT_CONVERSION = YES;
				CLANG_WARN_NON_LITERAL_NULL_CONVERSION = YES;
				CLANG_WARN_OBJC_IMPLICIT_RETAIN_SELF = YES;
				CLANG_WARN_OBJC_LITERAL_CONVERSION = YES;
				CLANG_WARN_OBJC_ROOT_CLASS = YES_ERROR;
				CLANG_WARN_QUOTED_INCLUDE_IN_FRAMEWORK_HEADER = YES;
				CLANG_WARN_RANGE_LOOP_ANALYSIS = YES;
				CLANG_WARN_STRICT_PROTOTYPES = YES;
				CLANG_WARN_SUSPICIOUS_MOVE = YES;
				CLANG_WARN_UNGUARDED_AVAILABILITY = YES_AGGRESSIVE;
				CLANG_WARN_UNREACHABLE_CODE = YES;
				CLANG_WARN__DUPLICATE_METHOD_MATCH = YES;
				COPY_PHASE_STRIP = NO;
				DEBUG_INFORMATION_FORMAT = dwarf;
				ENABLE_STRICT_OBJC_MSGSEND = YES;
				ENABLE_TESTABILITY = YES;
				GCC_C_LANGUAGE_STANDARD = gnu11;
				GCC_DYNAMIC_NO_PIC = NO;
				GCC_NO_COMMON_BLOCKS = YES;
				GCC_OPTIMIZATION_LEVEL = 0;
				GCC_PREPROCESSOR_DEFINITIONS = (
					"DEBUG=1",
					"$(inherited)",
				);
				GCC_WARN_64_TO_32_BIT_CONVERSION = YES;
				GCC_WARN_ABOUT_RETURN_TYPE = YES_ERROR;
				GCC_WARN_UNDECLARED_SELECTOR = YES;
				GCC_WARN_UNINITIALIZED_AUTOS = YES_AGGRESSIVE;
				GCC_WARN_UNUSED_FUNCTION = YES;
				GCC_WARN_UNUSED_VARIABLE = YES;
				IPHONEOS_DEPLOYMENT_TARGET = 15.0;
				MTL_ENABLE_DEBUG_INFO = INCLUDE_SOURCE;
				MTL_FAST_MATH = YES;
				ONLY_ACTIVE_ARCH = YES;
				SDKROOT = iphoneos;
				SWIFT_ACTIVE_COMPILATION_CONDITIONS = DEBUG;
				SWIFT_OPTIMIZATION_LEVEL = "-Onone";
			};
			name = Debug;
		};
		DF3137CB270BF39A007F36FA /* Release */ = {
			isa = XCBuildConfiguration;
			buildSettings = {
				ALWAYS_SEARCH_USER_PATHS = NO;
				CLANG_ANALYZER_NONNULL = YES;
				CLANG_ANALYZER_NUMBER_OBJECT_CONVERSION = YES_AGGRESSIVE;
				CLANG_CXX_LANGUAGE_STANDARD = "gnu++17";
				CLANG_CXX_LIBRARY = "libc++";
				CLANG_ENABLE_MODULES = YES;
				CLANG_ENABLE_OBJC_ARC = YES;
				CLANG_ENABLE_OBJC_WEAK = YES;
				CLANG_WARN_BLOCK_CAPTURE_AUTORELEASING = YES;
				CLANG_WARN_BOOL_CONVERSION = YES;
				CLANG_WARN_COMMA = YES;
				CLANG_WARN_CONSTANT_CONVERSION = YES;
				CLANG_WARN_DEPRECATED_OBJC_IMPLEMENTATIONS = YES;
				CLANG_WARN_DIRECT_OBJC_ISA_USAGE = YES_ERROR;
				CLANG_WARN_DOCUMENTATION_COMMENTS = YES;
				CLANG_WARN_EMPTY_BODY = YES;
				CLANG_WARN_ENUM_CONVERSION = YES;
				CLANG_WARN_INFINITE_RECURSION = YES;
				CLANG_WARN_INT_CONVERSION = YES;
				CLANG_WARN_NON_LITERAL_NULL_CONVERSION = YES;
				CLANG_WARN_OBJC_IMPLICIT_RETAIN_SELF = YES;
				CLANG_WARN_OBJC_LITERAL_CONVERSION = YES;
				CLANG_WARN_OBJC_ROOT_CLASS = YES_ERROR;
				CLANG_WARN_QUOTED_INCLUDE_IN_FRAMEWORK_HEADER = YES;
				CLANG_WARN_RANGE_LOOP_ANALYSIS = YES;
				CLANG_WARN_STRICT_PROTOTYPES = YES;
				CLANG_WARN_SUSPICIOUS_MOVE = YES;
				CLANG_WARN_UNGUARDED_AVAILABILITY = YES_AGGRESSIVE;
				CLANG_WARN_UNREACHABLE_CODE = YES;
				CLANG_WARN__DUPLICATE_METHOD_MATCH = YES;
				COPY_PHASE_STRIP = NO;
				DEBUG_INFORMATION_FORMAT = "dwarf-with-dsym";
				ENABLE_NS_ASSERTIONS = NO;
				ENABLE_STRICT_OBJC_MSGSEND = YES;
				GCC_C_LANGUAGE_STANDARD = gnu11;
				GCC_NO_COMMON_BLOCKS = YES;
				GCC_WARN_64_TO_32_BIT_CONVERSION = YES;
				GCC_WARN_ABOUT_RETURN_TYPE = YES_ERROR;
				GCC_WARN_UNDECLARED_SELECTOR = YES;
				GCC_WARN_UNINITIALIZED_AUTOS = YES_AGGRESSIVE;
				GCC_WARN_UNUSED_FUNCTION = YES;
				GCC_WARN_UNUSED_VARIABLE = YES;
				IPHONEOS_DEPLOYMENT_TARGET = 15.0;
				MTL_ENABLE_DEBUG_INFO = NO;
				MTL_FAST_MATH = YES;
				SDKROOT = iphoneos;
				SWIFT_COMPILATION_MODE = wholemodule;
				SWIFT_OPTIMIZATION_LEVEL = "-O";
				VALIDATE_PRODUCT = YES;
			};
			name = Release;
		};
		DF3137CD270BF39A007F36FA /* Debug */ = {
			isa = XCBuildConfiguration;
			baseConfigurationReference = 52632AD8746246C21E269B1F /* Pods-WoopEvent.debug.xcconfig */;
			buildSettings = {
				ASSETCATALOG_COMPILER_APPICON_NAME = AppIcon;
				ASSETCATALOG_COMPILER_GLOBAL_ACCENT_COLOR_NAME = AccentColor;
				CODE_SIGN_STYLE = Automatic;
				CURRENT_PROJECT_VERSION = 1;
				GENERATE_INFOPLIST_FILE = YES;
				INFOPLIST_FILE = WoopEvent/Info.plist;
				INFOPLIST_KEY_UIApplicationSupportsIndirectInputEvents = YES;
				INFOPLIST_KEY_UILaunchStoryboardName = LaunchScreen;
				INFOPLIST_KEY_UISupportedInterfaceOrientations_iPad = "UIInterfaceOrientationPortrait UIInterfaceOrientationPortraitUpsideDown UIInterfaceOrientationLandscapeLeft UIInterfaceOrientationLandscapeRight";
				INFOPLIST_KEY_UISupportedInterfaceOrientations_iPhone = "UIInterfaceOrientationPortrait UIInterfaceOrientationLandscapeLeft UIInterfaceOrientationLandscapeRight";
				LD_RUNPATH_SEARCH_PATHS = (
					"$(inherited)",
					"@executable_path/Frameworks",
				);
				MARKETING_VERSION = 1.0;
				PRODUCT_BUNDLE_IDENTIFIER = com.marcusgrussner.WoopEvent;
				PRODUCT_NAME = "$(TARGET_NAME)";
				SWIFT_EMIT_LOC_STRINGS = YES;
				SWIFT_VERSION = 5.0;
				TARGETED_DEVICE_FAMILY = "1,2";
			};
			name = Debug;
		};
		DF3137CE270BF39A007F36FA /* Release */ = {
			isa = XCBuildConfiguration;
			baseConfigurationReference = 31AE9A9717CDFF428436CA51 /* Pods-WoopEvent.release.xcconfig */;
			buildSettings = {
				ASSETCATALOG_COMPILER_APPICON_NAME = AppIcon;
				ASSETCATALOG_COMPILER_GLOBAL_ACCENT_COLOR_NAME = AccentColor;
				CODE_SIGN_STYLE = Automatic;
				CURRENT_PROJECT_VERSION = 1;
				GENERATE_INFOPLIST_FILE = YES;
				INFOPLIST_FILE = WoopEvent/Info.plist;
				INFOPLIST_KEY_UIApplicationSupportsIndirectInputEvents = YES;
				INFOPLIST_KEY_UILaunchStoryboardName = LaunchScreen;
				INFOPLIST_KEY_UISupportedInterfaceOrientations_iPad = "UIInterfaceOrientationPortrait UIInterfaceOrientationPortraitUpsideDown UIInterfaceOrientationLandscapeLeft UIInterfaceOrientationLandscapeRight";
				INFOPLIST_KEY_UISupportedInterfaceOrientations_iPhone = "UIInterfaceOrientationPortrait UIInterfaceOrientationLandscapeLeft UIInterfaceOrientationLandscapeRight";
				LD_RUNPATH_SEARCH_PATHS = (
					"$(inherited)",
					"@executable_path/Frameworks",
				);
				MARKETING_VERSION = 1.0;
				PRODUCT_BUNDLE_IDENTIFIER = com.marcusgrussner.WoopEvent;
				PRODUCT_NAME = "$(TARGET_NAME)";
				SWIFT_EMIT_LOC_STRINGS = YES;
				SWIFT_VERSION = 5.0;
				TARGETED_DEVICE_FAMILY = "1,2";
			};
			name = Release;
		};
		DF3137D0270BF39A007F36FA /* Debug */ = {
			isa = XCBuildConfiguration;
			baseConfigurationReference = 07F64282D79151E4DDEDE7C2 /* Pods-WoopEventTests.debug.xcconfig */;
			buildSettings = {
				ALWAYS_EMBED_SWIFT_STANDARD_LIBRARIES = YES;
				BUNDLE_LOADER = "$(TEST_HOST)";
				CODE_SIGN_STYLE = Automatic;
				CURRENT_PROJECT_VERSION = 1;
				GENERATE_INFOPLIST_FILE = YES;
				IPHONEOS_DEPLOYMENT_TARGET = 15.0;
				LD_RUNPATH_SEARCH_PATHS = (
					"$(inherited)",
					"@executable_path/Frameworks",
					"@loader_path/Frameworks",
				);
				MARKETING_VERSION = 1.0;
				PRODUCT_BUNDLE_IDENTIFIER = com.marcusgrussner.WoopEventTests;
				PRODUCT_NAME = "$(TARGET_NAME)";
				SWIFT_EMIT_LOC_STRINGS = NO;
				SWIFT_VERSION = 5.0;
				TARGETED_DEVICE_FAMILY = "1,2";
				TEST_HOST = "$(BUILT_PRODUCTS_DIR)/WoopEvent.app/WoopEvent";
			};
			name = Debug;
		};
		DF3137D1270BF39A007F36FA /* Release */ = {
			isa = XCBuildConfiguration;
			baseConfigurationReference = 946ACAA8D07C9A55855499F6 /* Pods-WoopEventTests.release.xcconfig */;
			buildSettings = {
				ALWAYS_EMBED_SWIFT_STANDARD_LIBRARIES = YES;
				BUNDLE_LOADER = "$(TEST_HOST)";
				CODE_SIGN_STYLE = Automatic;
				CURRENT_PROJECT_VERSION = 1;
				GENERATE_INFOPLIST_FILE = YES;
				IPHONEOS_DEPLOYMENT_TARGET = 15.0;
				LD_RUNPATH_SEARCH_PATHS = (
					"$(inherited)",
					"@executable_path/Frameworks",
					"@loader_path/Frameworks",
				);
				MARKETING_VERSION = 1.0;
				PRODUCT_BUNDLE_IDENTIFIER = com.marcusgrussner.WoopEventTests;
				PRODUCT_NAME = "$(TARGET_NAME)";
				SWIFT_EMIT_LOC_STRINGS = NO;
				SWIFT_VERSION = 5.0;
				TARGETED_DEVICE_FAMILY = "1,2";
				TEST_HOST = "$(BUILT_PRODUCTS_DIR)/WoopEvent.app/WoopEvent";
			};
			name = Release;
		};
/* End XCBuildConfiguration section */

/* Begin XCConfigurationList section */
		DF31379D270BF397007F36FA /* Build configuration list for PBXProject "WoopEvent" */ = {
			isa = XCConfigurationList;
			buildConfigurations = (
				DF3137CA270BF39A007F36FA /* Debug */,
				DF3137CB270BF39A007F36FA /* Release */,
			);
			defaultConfigurationIsVisible = 0;
			defaultConfigurationName = Release;
		};
		DF3137CC270BF39A007F36FA /* Build configuration list for PBXNativeTarget "WoopEvent" */ = {
			isa = XCConfigurationList;
			buildConfigurations = (
				DF3137CD270BF39A007F36FA /* Debug */,
				DF3137CE270BF39A007F36FA /* Release */,
			);
			defaultConfigurationIsVisible = 0;
			defaultConfigurationName = Release;
		};
		DF3137CF270BF39A007F36FA /* Build configuration list for PBXNativeTarget "WoopEventTests" */ = {
			isa = XCConfigurationList;
			buildConfigurations = (
				DF3137D0270BF39A007F36FA /* Debug */,
				DF3137D1270BF39A007F36FA /* Release */,
			);
			defaultConfigurationIsVisible = 0;
			defaultConfigurationName = Release;
		};
/* End XCConfigurationList section */
	};
	rootObject = DF31379A270BF397007F36FA /* Project object */;
}
